Microsoft Visual Studio Solution File, Format Version 12.00
# Visual Studio Version 17
VisualStudioVersion = 17.5.2.0
MinimumVisualStudioVersion = 10.0.40219.1
Project("{FAE04EC0-301F-11D3-BF4B-00C04F79EFBC}") = "OpenNotes", "OpenNotes.csproj", "{ABB7F2D8-344C-46EF-1A84-A20A5B2A0645}"
EndProject
Project("{FAE04EC0-301F-11D3-BF4B-00C04F79EFBC}") = "OpenNotes.Tests", "OpenNotes.Tests\OpenNotes.Tests.csproj", "{734EAC65-C6B0-C360-1E89-28EFAF5428F5}"
EndProject
Global
	GlobalSection(SolutionConfigurationPlatforms) = preSolution
		Debug|Any CPU = Debug|Any CPU
		Release|Any CPU = Release|Any CPU
	EndGlobalSection
	GlobalSection(ProjectConfigurationPlatforms) = postSolution
		{ABB7F2D8-344C-46EF-1A84-A20A5B2A0645}.Debug|Any CPU.ActiveCfg = Debug|Any CPU
		{ABB7F2D8-344C-46EF-1A84-A20A5B2A0645}.Debug|Any CPU.Build.0 = Debug|Any CPU
		{ABB7F2D8-344C-46EF-1A84-A20A5B2A0645}.Release|Any CPU.ActiveCfg = Release|Any CPU
		{ABB7F2D8-344C-46EF-1A84-A20A5B2A0645}.Release|Any CPU.Build.0 = Release|Any CPU
		{734EAC65-C6B0-C360-1E89-28EFAF5428F5}.Debug|Any CPU.ActiveCfg = Debug|Any CPU
		{734EAC65-C6B0-C360-1E89-28EFAF5428F5}.Debug|Any CPU.Build.0 = Debug|Any CPU
		{734EAC65-C6B0-C360-1E89-28EFAF5428F5}.Release|Any CPU.ActiveCfg = Release|Any CPU
		{734EAC65-C6B0-C360-1E89-28EFAF5428F5}.Release|Any CPU.Build.0 = Release|Any CPU
	EndGlobalSection
	GlobalSection(SolutionProperties) = preSolution
		HideSolutionNode = FALSE
	EndGlobalSection
	GlobalSection(ExtensibilityGlobals) = postSolution
		SolutionGuid = {F3DF9D5C-6A48-4E7A-AF37-9F51D263C5BE}
	EndGlobalSection
EndGlobal
